
Microsoft Visual Studio Solution File, Format Version 12.00
# Visual Studio Version 16
VisualStudioVersion = 16.0.30907.101
MinimumVisualStudioVersion = 10.0.40219.1
Project("{9A19103F-16F7-4668-BE54-9A1E7A4F7556}") = "Shop", "Shop\Shop.csproj", "{F100F7EB-CE68-49B1-95EF-DC9A975F644B}"
EndProject
Global
	GlobalSection(SolutionConfigurationPlatforms) = preSolution
		Debug|Any CPU = Debug|Any CPU
		Release|Any CPU = Release|Any CPU
	EndGlobalSection
	GlobalSection(ProjectConfigurationPlatforms) = postSolution
		{F100F7EB-CE68-49B1-95EF-DC9A975F644B}.Debug|Any CPU.ActiveCfg = Debug|Any CPU
		{F100F7EB-CE68-49B1-95EF-DC9A975F644B}.Debug|Any CPU.Build.0 = Debug|Any CPU
		{F100F7EB-CE68-49B1-95EF-DC9A975F644B}.Release|Any CPU.ActiveCfg = Release|Any CPU
		{F100F7EB-CE68-49B1-95EF-DC9A975F644B}.Release|Any CPU.Build.0 = Release|Any CPU
	EndGlobalSection
	GlobalSection(SolutionProperties) = preSolution
		HideSolutionNode = FALSE
	EndGlobalSection
	GlobalSection(ExtensibilityGlobals) = postSolution
		SolutionGuid = {E4B60F94-1F23-474F-BE0E-F72F63FF8CE0}
	EndGlobalSection
EndGlobal
